
Microsoft Visual Studio Solution File, Format Version 12.00
# Visual Studio Version 16
VisualStudioVersion = 16.0.31702.278
MinimumVisualStudioVersion = 10.0.40219.1
Project("{9A19103F-16F7-4668-BE54-9A1E7A4F7556}") = "棋盘覆盖可视化", "棋盘覆盖可视化\棋盘覆盖可视化.csproj", "{1CA253E5-0708-44FC-B6BE-EF44A0ABE5C4}"
EndProject
Project("{FAE04EC0-301F-11D3-BF4B-00C04F79EFBC}") = "棋盘覆盖", "棋盘覆盖\棋盘覆盖.csproj", "{D47FEBC1-0021-4DA1-BE0C-A1F2866E1142}"
EndProject
Global
	GlobalSection(SolutionConfigurationPlatforms) = preSolution
		Debug|Any CPU = Debug|Any CPU
		Release|Any CPU = Release|Any CPU
	EndGlobalSection
	GlobalSection(ProjectConfigurationPlatforms) = postSolution
		{1CA253E5-0708-44FC-B6BE-EF44A0ABE5C4}.Debug|Any CPU.ActiveCfg = Debug|Any CPU
		{1CA253E5-0708-44FC-B6BE-EF44A0ABE5C4}.Debug|Any CPU.Build.0 = Debug|Any CPU
		{1CA253E5-0708-44FC-B6BE-EF44A0ABE5C4}.Release|Any CPU.ActiveCfg = Release|Any CPU
		{1CA253E5-0708-44FC-B6BE-EF44A0ABE5C4}.Release|Any CPU.Build.0 = Release|Any CPU
		{D47FEBC1-0021-4DA1-BE0C-A1F2866E1142}.Debug|Any CPU.ActiveCfg = Debug|Any CPU
		{D47FEBC1-0021-4DA1-BE0C-A1F2866E1142}.Debug|Any CPU.Build.0 = Debug|Any CPU
		{D47FEBC1-0021-4DA1-BE0C-A1F2866E1142}.Release|Any CPU.ActiveCfg = Release|Any CPU
		{D47FEBC1-0021-4DA1-BE0C-A1F2866E1142}.Release|Any CPU.Build.0 = Release|Any CPU
	EndGlobalSection
	GlobalSection(SolutionProperties) = preSolution
		HideSolutionNode = FALSE
	EndGlobalSection
	GlobalSection(ExtensibilityGlobals) = postSolution
		SolutionGuid = {5DAB7FE9-814B-488B-BDEB-3DB8CE9B624E}
	EndGlobalSection
EndGlobal
